{
  "name": "zenn",
  "version": "1.0.0",
  "lockfileVersion": 3,
  "requires": true,
  "packages": {
    "": {
      "name": "zenn",
      "version": "1.0.0",
      "license": "ISC",
      "dependencies": {
        "zenn-cli": "^0.1.124"
      }
    },
    "node_modules/zenn-cli": {
      "version": "0.1.124",
      "resolved": "https://registry.npmjs.org/zenn-cli/-/zenn-cli-0.1.124.tgz",
      "integrity": "sha512-EL6lBSnuE7Vl6qv8/VR6f9P8b+yVP3XADsN45wi4ReozSi7ZEZ8f515klYEBMqjvts1au6iXarjkA46RKBxLTQ==",
      "license": "MIT",
      "bin": {
        "zenn": "dist/server/zenn.js"
      },
      "engines": {
        "node": ">=14.0.0"
      }
    }
  }
}
